
Microsoft Visual Studio Solution File, Format Version 12.00
# Visual Studio Version 17
VisualStudioVersion = 17.1.32210.238
MinimumVisualStudioVersion = 10.0.40219.1
Project("{888888A0-9F3D-457C-B088-3A5042F75D52}") = "Task7_correct", "Task7_correct\Task7_correct.pyproj", "{A1288A1B-E1BB-4623-9908-1DA2112D33F0}"
EndProject
Global
	GlobalSection(SolutionConfigurationPlatforms) = preSolution
		Debug|Any CPU = Debug|Any CPU
		Release|Any CPU = Release|Any CPU
	EndGlobalSection
	GlobalSection(ProjectConfigurationPlatforms) = postSolution
		{A1288A1B-E1BB-4623-9908-1DA2112D33F0}.Debug|Any CPU.ActiveCfg = Debug|Any CPU
		{A1288A1B-E1BB-4623-9908-1DA2112D33F0}.Release|Any CPU.ActiveCfg = Release|Any CPU
	EndGlobalSection
	GlobalSection(SolutionProperties) = preSolution
		HideSolutionNode = FALSE
	EndGlobalSection
	GlobalSection(ExtensibilityGlobals) = postSolution
		SolutionGuid = {2D8CFA9D-D4FE-4D56-A8C2-7B72B31D9DDB}
	EndGlobalSection
EndGlobal
